// !$*UTF8*$!
{
	archiveVersion = 1;
	classes = {
	};
	objectVersion = 56;
	objects = {

/* Begin PBXBuildFile section */
		D37466E92A4D1501003A4C01 /* GlosstestApp.swift in Sources */ = {isa = PBXBuildFile; fileRef = D37466E82A4D1501003A4C01 /* GlosstestApp.swift */; };
		D37466EB2A4D1501003A4C01 /* ContentView.swift in Sources */ = {isa = PBXBuildFile; fileRef = D37466EA2A4D1501003A4C01 /* ContentView.swift */; };
		D37466ED2A4D1502003A4C01 /* Assets.xcassets in Resources */ = {isa = PBXBuildFile; fileRef = D37466EC2A4D1502003A4C01 /* Assets.xcassets */; };
		D37466F02A4D1502003A4C01 /* Preview Assets.xcassets in Resources */ = {isa = PBXBuildFile; fileRef = D37466EF2A4D1502003A4C01 /* Preview Assets.xcassets */; };
		D37466FA2A4D1502003A4C01 /* GlosstestTests.swift in Sources */ = {isa = PBXBuildFile; fileRef = D37466F92A4D1502003A4C01 /* GlosstestTests.swift */; };
		D37467042A4D1502003A4C01 /* GlosstestUITests.swift in Sources */ = {isa = PBXBuildFile; fileRef = D37467032A4D1502003A4C01 /* GlosstestUITests.swift */; };
		D37467062A4D1502003A4C01 /* GlosstestUITestsLaunchTests.swift in Sources */ = {isa = PBXBuildFile; fileRef = D37467052A4D1502003A4C01 /* GlosstestUITestsLaunchTests.swift */; };
/* End PBXBuildFile section */

/* Begin PBXContainerItemProxy section */
		D37466F62A4D1502003A4C01 /* PBXContainerItemProxy */ = {
			isa = PBXContainerItemProxy;
			containerPortal = D37466DD2A4D1501003A4C01 /* Project object */;
			proxyType = 1;
			remoteGlobalIDString = D37466E42A4D1501003A4C01;
			remoteInfo = Glosstest;
		};
		D37467002A4D1502003A4C01 /* PBXContainerItemProxy */ = {
			isa = PBXContainerItemProxy;
			containerPortal = D37466DD2A4D1501003A4C01 /* Project object */;
			proxyType = 1;
			remoteGlobalIDString = D37466E42A4D1501003A4C01;
			remoteInfo = Glosstest;
		};
/* End PBXContainerItemProxy section */

/* Begin PBXFileReference section */
		D37466E52A4D1501003A4C01 /* Glosstest.app */ = {isa = PBXFileReference; explicitFileType = wrapper.application; includeInIndex = 0; path = Glosstest.app; sourceTree = BUILT_PRODUCTS_DIR; };
		D37466E82A4D1501003A4C01 /* GlosstestApp.swift */ = {isa = PBXFileReference; lastKnownFileType = sourcecode.swift; path = GlosstestApp.swift; sourceTree = "<group>"; };
		D37466EA2A4D1501003A4C01 /* ContentView.swift */ = {isa = PBXFileReference; lastKnownFileType = sourcecode.swift; path = ContentView.swift; sourceTree = "<group>"; };
		D37466EC2A4D1502003A4C01 /* Assets.xcassets */ = {isa = PBXFileReference; lastKnownFileType = folder.assetcatalog; path = Assets.xcassets; sourceTree = "<group>"; };
		D37466EF2A4D1502003A4C01 /* Preview Assets.xcassets */ = {isa = PBXFileReference; lastKnownFileType = folder.assetcatalog; path = "Preview Assets.xcassets"; sourceTree = "<group>"; };
		D37466F52A4D1502003A4C01 /* GlosstestTests.xctest */ = {isa = PBXFileReference; explicitFileType = wrapper.cfbundle; includeInIndex = 0; path = GlosstestTests.xctest; sourceTree = BUILT_PRODUCTS_DIR; };
		D37466F92A4D1502003A4C01 /* GlosstestTests.swift */ = {isa = PBXFileReference; lastKnownFileType = sourcecode.swift; path = GlosstestTests.swift; sourceTree = "<group>"; };
		D37466FF2A4D1502003A4C01 /* GlosstestUITests.xctest */ = {isa = PBXFileReference; explicitFileType = wrapper.cfbundle; includeInIndex = 0; path = GlosstestUITests.xctest; sourceTree = BUILT_PRODUCTS_DIR; };
		D37467032A4D1502003A4C01 /* GlosstestUITests.swift */ = {isa = PBXFileReference; lastKnownFileType = sourcecode.swift; path = GlosstestUITests.swift; sourceTree = "<group>"; };
		D37467052A4D1502003A4C01 /* GlosstestUITestsLaunchTests.swift */ = {isa = PBXFileReference; lastKnownFileType = sourcecode.swift; path = GlosstestUITestsLaunchTests.swift; sourceTree = "<group>"; };
/* End PBXFileReference section */

/* Begin PBXFrameworksBuildPhase section */
		D37466E22A4D1501003A4C01 /* Frameworks */ = {
			isa = PBXFrameworksBuildPhase;
			buildActionMask = 2147483647;
			files = (
			);
			runOnlyForDeploymentPostprocessing = 0;
		};
		D37466F22A4D1502003A4C01 /* Frameworks */ = {
			isa = PBXFrameworksBuildPhase;
			buildActionMask = 2147483647;
			files = (
			);
			runOnlyForDeploymentPostprocessing = 0;
		};
		D37466FC2A4D1502003A4C01 /* Frameworks */ = {
			isa = PBXFrameworksBuildPhase;
			buildActionMask = 2147483647;
			files = (
			);
			runOnlyForDeploymentPostprocessing = 0;
		};
/* End PBXFrameworksBuildPhase section */

/* Begin PBXGroup section */
		D37466DC2A4D1501003A4C01 = {
			isa = PBXGroup;
			children = (
				D37466E72A4D1501003A4C01 /* Glosstest */,
				D37466F82A4D1502003A4C01 /* GlosstestTests */,
				D37467022A4D1502003A4C01 /* GlosstestUITests */,
				D37466E62A4D1501003A4C01 /* Products */,
			);
			sourceTree = "<group>";
		};
		D37466E62A4D1501003A4C01 /* Products */ = {
			isa = PBXGroup;
			children = (
				D37466E52A4D1501003A4C01 /* Glosstest.app */,
				D37466F52A4D1502003A4C01 /* GlosstestTests.xctest */,
				D37466FF2A4D1502003A4C01 /* GlosstestUITests.xctest */,
			);
			name = Products;
			sourceTree = "<group>";
		};
		D37466E72A4D1501003A4C01 /* Glosstest */ = {
			isa = PBXGroup;
			children = (
				D37466E82A4D1501003A4C01 /* GlosstestApp.swift */,
				D37466EA2A4D1501003A4C01 /* ContentView.swift */,
				D37466EC2A4D1502003A4C01 /* Assets.xcassets */,
				D37466EE2A4D1502003A4C01 /* Preview Content */,
			);
			path = Glosstest;
			sourceTree = "<group>";
		};
		D37466EE2A4D1502003A4C01 /* Preview Content */ = {
			isa = PBXGroup;
			children = (
				D37466EF2A4D1502003A4C01 /* Preview Assets.xcassets */,
			);
			path = "Preview Content";
			sourceTree = "<group>";
		};
		D37466F82A4D1502003A4C01 /* GlosstestTests */ = {
			isa = PBXGroup;
			children = (
				D37466F92A4D1502003A4C01 /* GlosstestTests.swift */,
			);
			path = GlosstestTests;
			sourceTree = "<group>";
		};
		D37467022A4D1502003A4C01 /* GlosstestUITests */ = {
			isa = PBXGroup;
			children = (
				D37467032A4D1502003A4C01 /* GlosstestUITests.swift */,
				D37467052A4D1502003A4C01 /* GlosstestUITestsLaunchTests.swift */,
			);
			path = GlosstestUITests;
			sourceTree = "<group>";
		};
/* End PBXGroup section */

/* Begin PBXNativeTarget section */
		D37466E42A4D1501003A4C01 /* Glosstest */ = {
			isa = PBXNativeTarget;
			buildConfigurationList = D37467092A4D1502003A4C01 /* Build configuration list for PBXNativeTarget "Glosstest" */;
			buildPhases = (
				D37466E12A4D1501003A4C01 /* Sources */,
				D37466E22A4D1501003A4C01 /* Frameworks */,
				D37466E32A4D1501003A4C01 /* Resources */,
			);
			buildRules = (
			);
			dependencies = (
			);
			name = Glosstest;
			productName = Glosstest;
			productReference = D37466E52A4D1501003A4C01 /* Glosstest.app */;
			productType = "com.apple.product-type.application";
		};
		D37466F42A4D1502003A4C01 /* GlosstestTests */ = {
			isa = PBXNativeTarget;
			buildConfigurationList = D374670C2A4D1502003A4C01 /* Build configuration list for PBXNativeTarget "GlosstestTests" */;
			buildPhases = (
				D37466F12A4D1502003A4C01 /* Sources */,
				D37466F22A4D1502003A4C01 /* Frameworks */,
				D37466F32A4D1502003A4C01 /* Resources */,
			);
			buildRules = (
			);
			dependencies = (
				D37466F72A4D1502003A4C01 /* PBXTargetDependency */,
			);
			name = GlosstestTests;
			productName = GlosstestTests;
			productReference = D37466F52A4D1502003A4C01 /* GlosstestTests.xctest */;
			productType = "com.apple.product-type.bundle.unit-test";
		};
		D37466FE2A4D1502003A4C01 /* GlosstestUITests */ = {
			isa = PBXNativeTarget;
			buildConfigurationList = D374670F2A4D1502003A4C01 /* Build configuration list for PBXNativeTarget "GlosstestUITests" */;
			buildPhases = (
				D37466FB2A4D1502003A4C01 /* Sources */,
				D37466FC2A4D1502003A4C01 /* Frameworks */,
				D37466FD2A4D1502003A4C01 /* Resources */,
			);
			buildRules = (
			);
			dependencies = (
				D37467012A4D1502003A4C01 /* PBXTargetDependency */,
			);
			name = GlosstestUITests;
			productName = GlosstestUITests;
			productReference = D37466FF2A4D1502003A4C01 /* GlosstestUITests.xctest */;
			productType = "com.apple.product-type.bundle.ui-testing";
		};
/* End PBXNativeTarget section */

/* Begin PBXProject section */
		D37466DD2A4D1501003A4C01 /* Project object */ = {
			isa = PBXProject;
			attributes = {
				BuildIndependentTargetsInParallel = 1;
				LastSwiftUpdateCheck = 1430;
				LastUpgradeCheck = 1430;
				TargetAttributes = {
					D37466E42A4D1501003A4C01 = {
						CreatedOnToolsVersion = 14.3.1;
					};
					D37466F42A4D1502003A4C01 = {
						CreatedOnToolsVersion = 14.3.1;
						TestTargetID = D37466E42A4D1501003A4C01;
					};
					D37466FE2A4D1502003A4C01 = {
						CreatedOnToolsVersion = 14.3.1;
						TestTargetID = D37466E42A4D1501003A4C01;
					};
				};
			};
			buildConfigurationList = D37466E02A4D1501003A4C01 /* Build configuration list for PBXProject "Glosstest" */;
			compatibilityVersion = "Xcode 14.0";
			developmentRegion = en;
			hasScannedForEncodings = 0;
			knownRegions = (
				en,
				Base,
			);
			mainGroup = D37466DC2A4D1501003A4C01;
			productRefGroup = D37466E62A4D1501003A4C01 /* Products */;
			projectDirPath = "";
			projectRoot = "";
			targets = (
				D37466E42A4D1501003A4C01 /* Glosstest */,
				D37466F42A4D1502003A4C01 /* GlosstestTests */,
				D37466FE2A4D1502003A4C01 /* GlosstestUITests */,
			);
		};
/* End PBXProject section */

/* Begin PBXResourcesBuildPhase section */
		D37466E32A4D1501003A4C01 /* Resources */ = {
			isa = PBXResourcesBuildPhase;
			buildActionMask = 2147483647;
			files = (
				D37466F02A4D1502003A4C01 /* Preview Assets.xcassets in Resources */,
				D37466ED2A4D1502003A4C01 /* Assets.xcassets in Resources */,
			);
			runOnlyForDeploymentPostprocessing = 0;
		};
		D37466F32A4D1502003A4C01 /* Resources */ = {
			isa = PBXResourcesBuildPhase;
			buildActionMask = 2147483647;
			files = (
			);
			runOnlyForDeploymentPostprocessing = 0;
		};
		D37466FD2A4D1502003A4C01 /* Resources */ = {
			isa = PBXResourcesBuildPhase;
			buildActionMask = 2147483647;
			files = (
			);
			runOnlyForDeploymentPostprocessing = 0;
		};
/* End PBXResourcesBuildPhase section */

/* Begin PBXSourcesBuildPhase section */
		D37466E12A4D1501003A4C01 /* Sources */ = {
			isa = PBXSourcesBuildPhase;
			buildActionMask = 2147483647;
			files = (
				D37466EB2A4D1501003A4C01 /* ContentView.swift in Sources */,
				D37466E92A4D1501003A4C01 /* GlosstestApp.swift in Sources */,
			);
			runOnlyForDeploymentPostprocessing = 0;
		};
		D37466F12A4D1502003A4C01 /* Sources */ = {
			isa = PBXSourcesBuildPhase;
			buildActionMask = 2147483647;
			files = (
				D37466FA2A4D1502003A4C01 /* GlosstestTests.swift in Sources */,
			);
			runOnlyForDeploymentPostprocessing = 0;
		};
		D37466FB2A4D1502003A4C01 /* Sources */ = {
			isa = PBXSourcesBuildPhase;
			buildActionMask = 2147483647;
			files = (
				D37467042A4D1502003A4C01 /* GlosstestUITests.swift in Sources */,
				D37467062A4D1502003A4C01 /* GlosstestUITestsLaunchTests.swift in Sources */,
			);
			runOnlyForDeploymentPostprocessing = 0;
		};
/* End PBXSourcesBuildPhase section */

/* Begin PBXTargetDependency section */
		D37466F72A4D1502003A4C01 /* PBXTargetDependency */ = {
			isa = PBXTargetDependency;
			target = D37466E42A4D1501003A4C01 /* Glosstest */;
			targetProxy = D37466F62A4D1502003A4C01 /* PBXContainerItemProxy */;
		};
		D37467012A4D1502003A4C01 /* PBXTargetDependency */ = {
			isa = PBXTargetDependency;
			target = D37466E42A4D1501003A4C01 /* Glosstest */;
			targetProxy = D37467002A4D1502003A4C01 /* PBXContainerItemProxy */;
		};
/* End PBXTargetDependency section */

/* Begin XCBuildConfiguration section */
		D37467072A4D1502003A4C01 /* Debug */ = {
			isa = XCBuildConfiguration;
			buildSettings = {
				ALWAYS_SEARCH_USER_PATHS = NO;
				CLANG_ANALYZER_NONNULL = YES;
				CLANG_ANALYZER_NUMBER_OBJECT_CONVERSION = YES_AGGRESSIVE;
				CLANG_CXX_LANGUAGE_STANDARD = "gnu++20";
				CLANG_ENABLE_MODULES = YES;
				CLANG_ENABLE_OBJC_ARC = YES;
				CLANG_ENABLE_OBJC_WEAK = YES;
				CLANG_WARN_BLOCK_CAPTURE_AUTORELEASING = YES;
				CLANG_WARN_BOOL_CONVERSION = YES;
				CLANG_WARN_COMMA = YES;
				CLANG_WARN_CONSTANT_CONVERSION = YES;
				CLANG_WARN_DEPRECATED_OBJC_IMPLEMENTATIONS = YES;
				CLANG_WARN_DIRECT_OBJC_ISA_USAGE = YES_ERROR;
				CLANG_WARN_DOCUMENTATION_COMMENTS = YES;
				CLANG_WARN_EMPTY_BODY = YES;
				CLANG_WARN_ENUM_CONVERSION = YES;
				CLANG_WARN_INFINITE_RECURSION = YES;
				CLANG_WARN_INT_CONVERSION = YES;
				CLANG_WARN_NON_LITERAL_NULL_CONVERSION = YES;
				CLANG_WARN_OBJC_IMPLICIT_RETAIN_SELF = YES;
				CLANG_WARN_OBJC_LITERAL_CONVERSION = YES;
				CLANG_WARN_OBJC_ROOT_CLASS = YES_ERROR;
				CLANG_WARN_QUOTED_INCLUDE_IN_FRAMEWORK_HEADER = YES;
				CLANG_WARN_RANGE_LOOP_ANALYSIS = YES;
				CLANG_WARN_STRICT_PROTOTYPES = YES;
				CLANG_WARN_SUSPICIOUS_MOVE = YES;
				CLANG_WARN_UNGUARDED_AVAILABILITY = YES_AGGRESSIVE;
				CLANG_WARN_UNREACHABLE_CODE = YES;
				CLANG_WARN__DUPLICATE_METHOD_MATCH = YES;
				COPY_PHASE_STRIP = NO;
				DEBUG_INFORMATION_FORMAT = dwarf;
				ENABLE_STRICT_OBJC_MSGSEND = YES;
				ENABLE_TESTABILITY = YES;
				GCC_C_LANGUAGE_STANDARD = gnu11;
				GCC_DYNAMIC_NO_PIC = NO;
				GCC_NO_COMMON_BLOCKS = YES;
				GCC_OPTIMIZATION_LEVEL = 0;
				GCC_PREPROCESSOR_DEFINITIONS = (
					"DEBUG=1",
					"$(inherited)",
				);
				GCC_WARN_64_TO_32_BIT_CONVERSION = YES;
				GCC_WARN_ABOUT_RETURN_TYPE = YES_ERROR;
				GCC_WARN_UNDECLARED_SELECTOR = YES;
				GCC_WARN_UNINITIALIZED_AUTOS = YES_AGGRESSIVE;
				GCC_WARN_UNUSED_FUNCTION = YES;
				GCC_WARN_UNUSED_VARIABLE = YES;
				IPHONEOS_DEPLOYMENT_TARGET = 16.4;
				MTL_ENABLE_DEBUG_INFO = INCLUDE_SOURCE;
				MTL_FAST_MATH = YES;
				ONLY_ACTIVE_ARCH = YES;
				SDKROOT = iphoneos;
				SWIFT_ACTIVE_COMPILATION_CONDITIONS = DEBUG;
				SWIFT_OPTIMIZATION_LEVEL = "-Onone";
			};
			name = Debug;
		};
		D37467082A4D1502003A4C01 /* Release */ = {
			isa = XCBuildConfiguration;
			buildSettings = {
				ALWAYS_SEARCH_USER_PATHS = NO;
				CLANG_ANALYZER_NONNULL = YES;
				CLANG_ANALYZER_NUMBER_OBJECT_CONVERSION = YES_AGGRESSIVE;
				CLANG_CXX_LANGUAGE_STANDARD = "gnu++20";
				CLANG_ENABLE_MODULES = YES;
				CLANG_ENABLE_OBJC_ARC = YES;
				CLANG_ENABLE_OBJC_WEAK = YES;
				CLANG_WARN_BLOCK_CAPTURE_AUTORELEASING = YES;
				CLANG_WARN_BOOL_CONVERSION = YES;
				CLANG_WARN_COMMA = YES;
				CLANG_WARN_CONSTANT_CONVERSION = YES;
				CLANG_WARN_DEPRECATED_OBJC_IMPLEMENTATIONS = YES;
				CLANG_WARN_DIRECT_OBJC_ISA_USAGE = YES_ERROR;
				CLANG_WARN_DOCUMENTATION_COMMENTS = YES;
				CLANG_WARN_EMPTY_BODY = YES;
				CLANG_WARN_ENUM_CONVERSION = YES;
				CLANG_WARN_INFINITE_RECURSION = YES;
				CLANG_WARN_INT_CONVERSION = YES;
				CLANG_WARN_NON_LITERAL_NULL_CONVERSION = YES;
				CLANG_WARN_OBJC_IMPLICIT_RETAIN_SELF = YES;
				CLANG_WARN_OBJC_LITERAL_CONVERSION = YES;
				CLANG_WARN_OBJC_ROOT_CLASS = YES_ERROR;
				CLANG_WARN_QUOTED_INCLUDE_IN_FRAMEWORK_HEADER = YES;
				CLANG_WARN_RANGE_LOOP_ANALYSIS = YES;
				CLANG_WARN_STRICT_PROTOTYPES = YES;
				CLANG_WARN_SUSPICIOUS_MOVE = YES;
				CLANG_WARN_UNGUARDED_AVAILABILITY = YES_AGGRESSIVE;
				CLANG_WARN_UNREACHABLE_CODE = YES;
				CLANG_WARN__DUPLICATE_METHOD_MATCH = YES;
				COPY_PHASE_STRIP = NO;
				DEBUG_INFORMATION_FORMAT = "dwarf-with-dsym";
				ENABLE_NS_ASSERTIONS = NO;
				ENABLE_STRICT_OBJC_MSGSEND = YES;
				GCC_C_LANGUAGE_STANDARD = gnu11;
				GCC_NO_COMMON_BLOCKS = YES;
				GCC_WARN_64_TO_32_BIT_CONVERSION = YES;
				GCC_WARN_ABOUT_RETURN_TYPE = YES_ERROR;
				GCC_WARN_UNDECLARED_SELECTOR = YES;
				GCC_WARN_UNINITIALIZED_AUTOS = YES_AGGRESSIVE;
				GCC_WARN_UNUSED_FUNCTION = YES;
				GCC_WARN_UNUSED_VARIABLE = YES;
				IPHONEOS_DEPLOYMENT_TARGET = 16.4;
				MTL_ENABLE_DEBUG_INFO = NO;
				MTL_FAST_MATH = YES;
				SDKROOT = iphoneos;
				SWIFT_COMPILATION_MODE = wholemodule;
				SWIFT_OPTIMIZATION_LEVEL = "-O";
				VALIDATE_PRODUCT = YES;
			};
			name = Release;
		};
		D374670A2A4D1502003A4C01 /* Debug */ = {
			isa = XCBuildConfiguration;
			buildSettings = {
				ASSETCATALOG_COMPILER_APPICON_NAME = AppIcon;
				ASSETCATALOG_COMPILER_GLOBAL_ACCENT_COLOR_NAME = AccentColor;
				CODE_SIGN_STYLE = Automatic;
				CURRENT_PROJECT_VERSION = 1;
				DEVELOPMENT_ASSET_PATHS = "\"Glosstest/Preview Content\"";
				DEVELOPMENT_TEAM = HN2RDU3WH4;
				ENABLE_PREVIEWS = YES;
				GENERATE_INFOPLIST_FILE = YES;
				INFOPLIST_KEY_UIApplicationSceneManifest_Generation = YES;
				INFOPLIST_KEY_UIApplicationSupportsIndirectInputEvents = YES;
				INFOPLIST_KEY_UILaunchScreen_Generation = YES;
				INFOPLIST_KEY_UISupportedInterfaceOrientations_iPad = "UIInterfaceOrientationPortrait UIInterfaceOrientationPortraitUpsideDown UIInterfaceOrientationLandscapeLeft UIInterfaceOrientationLandscapeRight";
				INFOPLIST_KEY_UISupportedInterfaceOrientations_iPhone = "UIInterfaceOrientationPortrait UIInterfaceOrientationLandscapeLeft UIInterfaceOrientationLandscapeRight";
				LD_RUNPATH_SEARCH_PATHS = (
					"$(inherited)",
					"@executable_path/Frameworks",
				);
				MARKETING_VERSION = 1.0;
				PRODUCT_BUNDLE_IDENTIFIER = JoshuaHal.Glosstest;
				PRODUCT_NAME = "$(TARGET_NAME)";
				SWIFT_EMIT_LOC_STRINGS = YES;
				SWIFT_VERSION = 5.0;
				TARGETED_DEVICE_FAMILY = "1,2";
			};
			name = Debug;
		};
		D374670B2A4D1502003A4C01 /* Release */ = {
			isa = XCBuildConfiguration;
			buildSettings = {
				ASSETCATALOG_COMPILER_APPICON_NAME = AppIcon;
				ASSETCATALOG_COMPILER_GLOBAL_ACCENT_COLOR_NAME = AccentColor;
				CODE_SIGN_STYLE = Automatic;
				CURRENT_PROJECT_VERSION = 1;
				DEVELOPMENT_ASSET_PATHS = "\"Glosstest/Preview Content\"";
				DEVELOPMENT_TEAM = HN2RDU3WH4;
				ENABLE_PREVIEWS = YES;
				GENERATE_INFOPLIST_FILE = YES;
				INFOPLIST_KEY_UIApplicationSceneManifest_Generation = YES;
				INFOPLIST_KEY_UIApplicationSupportsIndirectInputEvents = YES;
				INFOPLIST_KEY_UILaunchScreen_Generation = YES;
				INFOPLIST_KEY_UISupportedInterfaceOrientations_iPad = "UIInterfaceOrientationPortrait UIInterfaceOrientationPortraitUpsideDown UIInterfaceOrientationLandscapeLeft UIInterfaceOrientationLandscapeRight";
				INFOPLIST_KEY_UISupportedInterfaceOrientations_iPhone = "UIInterfaceOrientationPortrait UIInterfaceOrientationLandscapeLeft UIInterfaceOrientationLandscapeRight";
				LD_RUNPATH_SEARCH_PATHS = (
					"$(inherited)",
					"@executable_path/Frameworks",
				);
				MARKETING_VERSION = 1.0;
				PRODUCT_BUNDLE_IDENTIFIER = JoshuaHal.Glosstest;
				PRODUCT_NAME = "$(TARGET_NAME)";
				SWIFT_EMIT_LOC_STRINGS = YES;
				SWIFT_VERSION = 5.0;
				TARGETED_DEVICE_FAMILY = "1,2";
			};
			name = Release;
		};
		D374670D2A4D1502003A4C01 /* Debug */ = {
			isa = XCBuildConfiguration;
			buildSettings = {
				ALWAYS_EMBED_SWIFT_STANDARD_LIBRARIES = YES;
				BUNDLE_LOADER = "$(TEST_HOST)";
				CODE_SIGN_STYLE = Automatic;
				CURRENT_PROJECT_VERSION = 1;
				DEVELOPMENT_TEAM = HN2RDU3WH4;
				GENERATE_INFOPLIST_FILE = YES;
				IPHONEOS_DEPLOYMENT_TARGET = 16.4;
				MARKETING_VERSION = 1.0;
				PRODUCT_BUNDLE_IDENTIFIER = JoshuaHal.GlosstestTests;
				PRODUCT_NAME = "$(TARGET_NAME)";
				SWIFT_EMIT_LOC_STRINGS = NO;
				SWIFT_VERSION = 5.0;
				TARGETED_DEVICE_FAMILY = "1,2";
				TEST_HOST = "$(BUILT_PRODUCTS_DIR)/Glosstest.app/$(BUNDLE_EXECUTABLE_FOLDER_PATH)/Glosstest";
			};
			name = Debug;
		};
		D374670E2A4D1502003A4C01 /* Release */ = {
			isa = XCBuildConfiguration;
			buildSettings = {
				ALWAYS_EMBED_SWIFT_STANDARD_LIBRARIES = YES;
				BUNDLE_LOADER = "$(TEST_HOST)";
				CODE_SIGN_STYLE = Automatic;
				CURRENT_PROJECT_VERSION = 1;
				DEVELOPMENT_TEAM = HN2RDU3WH4;
				GENERATE_INFOPLIST_FILE = YES;
				IPHONEOS_DEPLOYMENT_TARGET = 16.4;
				MARKETING_VERSION = 1.0;
				PRODUCT_BUNDLE_IDENTIFIER = JoshuaHal.GlosstestTests;
				PRODUCT_NAME = "$(TARGET_NAME)";
				SWIFT_EMIT_LOC_STRINGS = NO;
				SWIFT_VERSION = 5.0;
				TARGETED_DEVICE_FAMILY = "1,2";
				TEST_HOST = "$(BUILT_PRODUCTS_DIR)/Glosstest.app/$(BUNDLE_EXECUTABLE_FOLDER_PATH)/Glosstest";
			};
			name = Release;
		};
		D37467102A4D1502003A4C01 /* Debug */ = {
			isa = XCBuildConfiguration;
			buildSettings = {
				ALWAYS_EMBED_SWIFT_STANDARD_LIBRARIES = YES;
				CODE_SIGN_STYLE = Automatic;
				CURRENT_PROJECT_VERSION = 1;
				DEVELOPMENT_TEAM = HN2RDU3WH4;
				GENERATE_INFOPLIST_FILE = YES;
				MARKETING_VERSION = 1.0;
				PRODUCT_BUNDLE_IDENTIFIER = JoshuaHal.GlosstestUITests;
				PRODUCT_NAME = "$(TARGET_NAME)";
				SWIFT_EMIT_LOC_STRINGS = NO;
				SWIFT_VERSION = 5.0;
				TARGETED_DEVICE_FAMILY = "1,2";
				TEST_TARGET_NAME = Glosstest;
			};
			name = Debug;
		};
		D37467112A4D1502003A4C01 /* Release */ = {
			isa = XCBuildConfiguration;
			buildSettings = {
				ALWAYS_EMBED_SWIFT_STANDARD_LIBRARIES = YES;
				CODE_SIGN_STYLE = Automatic;
				CURRENT_PROJECT_VERSION = 1;
				DEVELOPMENT_TEAM = HN2RDU3WH4;
				GENERATE_INFOPLIST_FILE = YES;
				MARKETING_VERSION = 1.0;
				PRODUCT_BUNDLE_IDENTIFIER = JoshuaHal.GlosstestUITests;
				PRODUCT_NAME = "$(TARGET_NAME)";
				SWIFT_EMIT_LOC_STRINGS = NO;
				SWIFT_VERSION = 5.0;
				TARGETED_DEVICE_FAMILY = "1,2";
				TEST_TARGET_NAME = Glosstest;
			};
			name = Release;
		};
/* End XCBuildConfiguration section */

/* Begin XCConfigurationList section */
		D37466E02A4D1501003A4C01 /* Build configuration list for PBXProject "Glosstest" */ = {
			isa = XCConfigurationList;
			buildConfigurations = (
				D37467072A4D1502003A4C01 /* Debug */,
				D37467082A4D1502003A4C01 /* Release */,
			);
			defaultConfigurationIsVisible = 0;
			defaultConfigurationName = Release;
		};
		D37467092A4D1502003A4C01 /* Build configuration list for PBXNativeTarget "Glosstest" */ = {
			isa = XCConfigurationList;
			buildConfigurations = (
				D374670A2A4D1502003A4C01 /* Debug */,
				D374670B2A4D1502003A4C01 /* Release */,
			);
			defaultConfigurationIsVisible = 0;
			defaultConfigurationName = Release;
		};
		D374670C2A4D1502003A4C01 /* Build configuration list for PBXNativeTarget "GlosstestTests" */ = {
			isa = XCConfigurationList;
			buildConfigurations = (
				D374670D2A4D1502003A4C01 /* Debug */,
				D374670E2A4D1502003A4C01 /* Release */,
			);
			defaultConfigurationIsVisible = 0;
			defaultConfigurationName = Release;
		};
		D374670F2A4D1502003A4C01 /* Build configuration list for PBXNativeTarget "GlosstestUITests" */ = {
			isa = XCConfigurationList;
			buildConfigurations = (
				D37467102A4D1502003A4C01 /* Debug */,
				D37467112A4D1502003A4C01 /* Release */,
			);
			defaultConfigurationIsVisible = 0;
			defaultConfigurationName = Release;
		};
/* End XCConfigurationList section */
	};
	rootObject = D37466DD2A4D1501003A4C01 /* Project object */;
}
